
Microsoft Visual Studio Solution File, Format Version 12.00
# Visual Studio Version 17
VisualStudioVersion = 17.12.35514.174
MinimumVisualStudioVersion = 10.0.40219.1
Project("{8BC9CEB8-8B4A-11D0-8D11-00A0C91BC942}") = "WinKernelStudy", "WinKernelStudy.vcxproj", "{8A24A6E9-27EC-46E5-9003-2F061A754105}"
EndProject
Project("{2150E333-8FDC-42A3-9474-1A3956D46DE8}") = "Learning 01", "Learning 01", "{1099F74B-E8F0-4EAA-BDE1-85707629473B}"
EndProject
Project("{8BC9CEB8-8B4A-11D0-8D11-00A0C91BC942}") = "KmdfHelloWorld", "KmdfHelloWorld\KmdfHelloWorld.vcxproj", "{8BD43339-5F3E-4D19-836E-19BF62732F63}"
EndProject
Project("{8BC9CEB8-8B4A-11D0-8D11-00A0C91BC942}") = "KmdfGetProcess", "KmdfGetProcess\KmdfGetProcess.vcxproj", "{DD12FAFD-DD80-419D-9E96-F0F6DF7FD835}"
EndProject
Project("{2150E333-8FDC-42A3-9474-1A3956D46DE8}") = "Learning 02", "Learning 02", "{2C20297B-6153-45B7-8B84-136F9E4F89B7}"
EndProject
Project("{8BC9CEB8-8B4A-11D0-8D11-00A0C91BC942}") = "KmdfMemory", "KmdfMemory\KmdfMemory.vcxproj", "{9A19FC41-FFA8-4AFB-A8BB-82DBF38F1150}"
EndProject
Project("{8BC9CEB8-8B4A-11D0-8D11-00A0C91BC942}") = "KmdfListEntry", "KmdfListEntry\KmdfListEntry.vcxproj", "{0A1316AE-0CF9-4095-9233-76DB3CB6D589}"
EndProject
Project("{8BC9CEB8-8B4A-11D0-8D11-00A0C91BC942}") = "KmdfKSpinLock", "KmdfKSpinLock\KmdfKSpinLock.vcxproj", "{C59A02B2-355B-4451-BDC8-A72CBADC224F}"
EndProject
Project("{8BC9CEB8-8B4A-11D0-8D11-00A0C91BC942}") = "KmdfString", "KmdfString\KmdfString.vcxproj", "{63808A7E-E670-487C-A3CB-D92EEAE8A63C}"
EndProject
Project("{8BC9CEB8-8B4A-11D0-8D11-00A0C91BC942}") = "KmdfString2", "KmdfString2\KmdfString2.vcxproj", "{C505CF31-0600-42A6-88A1-F51017FF2735}"
EndProject
Project("{8BC9CEB8-8B4A-11D0-8D11-00A0C91BC942}") = "KmdfStringCopy", "KmdfStringCopy\KmdfStringCopy.vcxproj", "{C7B8B782-B7F3-40C1-B163-19D18943BCA4}"
EndProject
Project("{8BC9CEB8-8B4A-11D0-8D11-00A0C91BC942}") = "KmdfDriverObject", "KmdfDriverObject\KmdfDriverObject.vcxproj", "{5776941C-EEFF-45BF-8627-2929BA2A653C}"
EndProject
Global
	GlobalSection(SolutionConfigurationPlatforms) = preSolution
		Debug|Win32 = Debug|Win32
		Debug|x64 = Debug|x64
		Debug|x86 = Debug|x86
		Release|Win32 = Release|Win32
		Release|x64 = Release|x64
		Release|x86 = Release|x86
	EndGlobalSection
	GlobalSection(ProjectConfigurationPlatforms) = postSolution
		{8A24A6E9-27EC-46E5-9003-2F061A754105}.Debug|Win32.ActiveCfg = Debug|Win32
		{8A24A6E9-27EC-46E5-9003-2F061A754105}.Debug|Win32.Build.0 = Debug|Win32
		{8A24A6E9-27EC-46E5-9003-2F061A754105}.Debug|x64.ActiveCfg = Debug|x64
		{8A24A6E9-27EC-46E5-9003-2F061A754105}.Debug|x64.Build.0 = Debug|x64
		{8A24A6E9-27EC-46E5-9003-2F061A754105}.Debug|x86.ActiveCfg = Debug|x64
		{8A24A6E9-27EC-46E5-9003-2F061A754105}.Debug|x86.Build.0 = Debug|x64
		{8A24A6E9-27EC-46E5-9003-2F061A754105}.Release|Win32.ActiveCfg = Release|x64
		{8A24A6E9-27EC-46E5-9003-2F061A754105}.Release|x64.ActiveCfg = Release|x64
		{8A24A6E9-27EC-46E5-9003-2F061A754105}.Release|x64.Build.0 = Release|x64
		{8A24A6E9-27EC-46E5-9003-2F061A754105}.Release|x86.ActiveCfg = Release|x64
		{8BD43339-5F3E-4D19-836E-19BF62732F63}.Debug|Win32.ActiveCfg = Debug|x64
		{8BD43339-5F3E-4D19-836E-19BF62732F63}.Debug|Win32.Build.0 = Debug|x64
		{8BD43339-5F3E-4D19-836E-19BF62732F63}.Debug|Win32.Deploy.0 = Debug|x64
		{8BD43339-5F3E-4D19-836E-19BF62732F63}.Debug|x64.ActiveCfg = Debug|x64
		{8BD43339-5F3E-4D19-836E-19BF62732F63}.Debug|x64.Build.0 = Debug|x64
		{8BD43339-5F3E-4D19-836E-19BF62732F63}.Debug|x64.Deploy.0 = Debug|x64
		{8BD43339-5F3E-4D19-836E-19BF62732F63}.Debug|x86.ActiveCfg = Debug|x64
		{8BD43339-5F3E-4D19-836E-19BF62732F63}.Debug|x86.Build.0 = Debug|x64
		{8BD43339-5F3E-4D19-836E-19BF62732F63}.Debug|x86.Deploy.0 = Debug|x64
		{8BD43339-5F3E-4D19-836E-19BF62732F63}.Release|Win32.ActiveCfg = Release|x64
		{8BD43339-5F3E-4D19-836E-19BF62732F63}.Release|Win32.Build.0 = Release|x64
		{8BD43339-5F3E-4D19-836E-19BF62732F63}.Release|Win32.Deploy.0 = Release|x64
		{8BD43339-5F3E-4D19-836E-19BF62732F63}.Release|x64.ActiveCfg = Release|x64
		{8BD43339-5F3E-4D19-836E-19BF62732F63}.Release|x64.Build.0 = Release|x64
		{8BD43339-5F3E-4D19-836E-19BF62732F63}.Release|x64.Deploy.0 = Release|x64
		{8BD43339-5F3E-4D19-836E-19BF62732F63}.Release|x86.ActiveCfg = Release|x64
		{8BD43339-5F3E-4D19-836E-19BF62732F63}.Release|x86.Build.0 = Release|x64
		{8BD43339-5F3E-4D19-836E-19BF62732F63}.Release|x86.Deploy.0 = Release|x64
		{DD12FAFD-DD80-419D-9E96-F0F6DF7FD835}.Debug|Win32.ActiveCfg = Debug|x64
		{DD12FAFD-DD80-419D-9E96-F0F6DF7FD835}.Debug|Win32.Build.0 = Debug|x64
		{DD12FAFD-DD80-419D-9E96-F0F6DF7FD835}.Debug|Win32.Deploy.0 = Debug|x64
		{DD12FAFD-DD80-419D-9E96-F0F6DF7FD835}.Debug|x64.ActiveCfg = Debug|x64
		{DD12FAFD-DD80-419D-9E96-F0F6DF7FD835}.Debug|x64.Build.0 = Debug|x64
		{DD12FAFD-DD80-419D-9E96-F0F6DF7FD835}.Debug|x64.Deploy.0 = Debug|x64
		{DD12FAFD-DD80-419D-9E96-F0F6DF7FD835}.Debug|x86.ActiveCfg = Debug|x64
		{DD12FAFD-DD80-419D-9E96-F0F6DF7FD835}.Debug|x86.Build.0 = Debug|x64
		{DD12FAFD-DD80-419D-9E96-F0F6DF7FD835}.Debug|x86.Deploy.0 = Debug|x64
		{DD12FAFD-DD80-419D-9E96-F0F6DF7FD835}.Release|Win32.ActiveCfg = Release|x64
		{DD12FAFD-DD80-419D-9E96-F0F6DF7FD835}.Release|Win32.Build.0 = Release|x64
		{DD12FAFD-DD80-419D-9E96-F0F6DF7FD835}.Release|Win32.Deploy.0 = Release|x64
		{DD12FAFD-DD80-419D-9E96-F0F6DF7FD835}.Release|x64.ActiveCfg = Release|x64
		{DD12FAFD-DD80-419D-9E96-F0F6DF7FD835}.Release|x64.Build.0 = Release|x64
		{DD12FAFD-DD80-419D-9E96-F0F6DF7FD835}.Release|x64.Deploy.0 = Release|x64
		{DD12FAFD-DD80-419D-9E96-F0F6DF7FD835}.Release|x86.ActiveCfg = Release|x64
		{DD12FAFD-DD80-419D-9E96-F0F6DF7FD835}.Release|x86.Build.0 = Release|x64
		{DD12FAFD-DD80-419D-9E96-F0F6DF7FD835}.Release|x86.Deploy.0 = Release|x64
		{9A19FC41-FFA8-4AFB-A8BB-82DBF38F1150}.Debug|Win32.ActiveCfg = Debug|x64
		{9A19FC41-FFA8-4AFB-A8BB-82DBF38F1150}.Debug|Win32.Build.0 = Debug|x64
		{9A19FC41-FFA8-4AFB-A8BB-82DBF38F1150}.Debug|Win32.Deploy.0 = Debug|x64
		{9A19FC41-FFA8-4AFB-A8BB-82DBF38F1150}.Debug|x64.ActiveCfg = Debug|x64
		{9A19FC41-FFA8-4AFB-A8BB-82DBF38F1150}.Debug|x64.Build.0 = Debug|x64
		{9A19FC41-FFA8-4AFB-A8BB-82DBF38F1150}.Debug|x64.Deploy.0 = Debug|x64
		{9A19FC41-FFA8-4AFB-A8BB-82DBF38F1150}.Debug|x86.ActiveCfg = Debug|x64
		{9A19FC41-FFA8-4AFB-A8BB-82DBF38F1150}.Debug|x86.Build.0 = Debug|x64
		{9A19FC41-FFA8-4AFB-A8BB-82DBF38F1150}.Debug|x86.Deploy.0 = Debug|x64
		{9A19FC41-FFA8-4AFB-A8BB-82DBF38F1150}.Release|Win32.ActiveCfg = Release|x64
		{9A19FC41-FFA8-4AFB-A8BB-82DBF38F1150}.Release|Win32.Build.0 = Release|x64
		{9A19FC41-FFA8-4AFB-A8BB-82DBF38F1150}.Release|Win32.Deploy.0 = Release|x64
		{9A19FC41-FFA8-4AFB-A8BB-82DBF38F1150}.Release|x64.ActiveCfg = Release|x64
		{9A19FC41-FFA8-4AFB-A8BB-82DBF38F1150}.Release|x64.Build.0 = Release|x64
		{9A19FC41-FFA8-4AFB-A8BB-82DBF38F1150}.Release|x64.Deploy.0 = Release|x64
		{9A19FC41-FFA8-4AFB-A8BB-82DBF38F1150}.Release|x86.ActiveCfg = Release|x64
		{9A19FC41-FFA8-4AFB-A8BB-82DBF38F1150}.Release|x86.Build.0 = Release|x64
		{9A19FC41-FFA8-4AFB-A8BB-82DBF38F1150}.Release|x86.Deploy.0 = Release|x64
		{0A1316AE-0CF9-4095-9233-76DB3CB6D589}.Debug|Win32.ActiveCfg = Debug|x64
		{0A1316AE-0CF9-4095-9233-76DB3CB6D589}.Debug|Win32.Build.0 = Debug|x64
		{0A1316AE-0CF9-4095-9233-76DB3CB6D589}.Debug|Win32.Deploy.0 = Debug|x64
		{0A1316AE-0CF9-4095-9233-76DB3CB6D589}.Debug|x64.ActiveCfg = Debug|x64
		{0A1316AE-0CF9-4095-9233-76DB3CB6D589}.Debug|x64.Build.0 = Debug|x64
		{0A1316AE-0CF9-4095-9233-76DB3CB6D589}.Debug|x64.Deploy.0 = Debug|x64
		{0A1316AE-0CF9-4095-9233-76DB3CB6D589}.Debug|x86.ActiveCfg = Debug|x64
		{0A1316AE-0CF9-4095-9233-76DB3CB6D589}.Debug|x86.Build.0 = Debug|x64
		{0A1316AE-0CF9-4095-9233-76DB3CB6D589}.Debug|x86.Deploy.0 = Debug|x64
		{0A1316AE-0CF9-4095-9233-76DB3CB6D589}.Release|Win32.ActiveCfg = Release|x64
		{0A1316AE-0CF9-4095-9233-76DB3CB6D589}.Release|Win32.Build.0 = Release|x64
		{0A1316AE-0CF9-4095-9233-76DB3CB6D589}.Release|Win32.Deploy.0 = Release|x64
		{0A1316AE-0CF9-4095-9233-76DB3CB6D589}.Release|x64.ActiveCfg = Release|x64
		{0A1316AE-0CF9-4095-9233-76DB3CB6D589}.Release|x64.Build.0 = Release|x64
		{0A1316AE-0CF9-4095-9233-76DB3CB6D589}.Release|x64.Deploy.0 = Release|x64
		{0A1316AE-0CF9-4095-9233-76DB3CB6D589}.Release|x86.ActiveCfg = Release|x64
		{0A1316AE-0CF9-4095-9233-76DB3CB6D589}.Release|x86.Build.0 = Release|x64
		{0A1316AE-0CF9-4095-9233-76DB3CB6D589}.Release|x86.Deploy.0 = Release|x64
		{C59A02B2-355B-4451-BDC8-A72CBADC224F}.Debug|Win32.ActiveCfg = Debug|x64
		{C59A02B2-355B-4451-BDC8-A72CBADC224F}.Debug|Win32.Build.0 = Debug|x64
		{C59A02B2-355B-4451-BDC8-A72CBADC224F}.Debug|Win32.Deploy.0 = Debug|x64
		{C59A02B2-355B-4451-BDC8-A72CBADC224F}.Debug|x64.ActiveCfg = Debug|x64
		{C59A02B2-355B-4451-BDC8-A72CBADC224F}.Debug|x64.Build.0 = Debug|x64
		{C59A02B2-355B-4451-BDC8-A72CBADC224F}.Debug|x64.Deploy.0 = Debug|x64
		{C59A02B2-355B-4451-BDC8-A72CBADC224F}.Debug|x86.ActiveCfg = Debug|x64
		{C59A02B2-355B-4451-BDC8-A72CBADC224F}.Debug|x86.Build.0 = Debug|x64
		{C59A02B2-355B-4451-BDC8-A72CBADC224F}.Debug|x86.Deploy.0 = Debug|x64
		{C59A02B2-355B-4451-BDC8-A72CBADC224F}.Release|Win32.ActiveCfg = Release|x64
		{C59A02B2-355B-4451-BDC8-A72CBADC224F}.Release|Win32.Build.0 = Release|x64
		{C59A02B2-355B-4451-BDC8-A72CBADC224F}.Release|Win32.Deploy.0 = Release|x64
		{C59A02B2-355B-4451-BDC8-A72CBADC224F}.Release|x64.ActiveCfg = Release|x64
		{C59A02B2-355B-4451-BDC8-A72CBADC224F}.Release|x64.Build.0 = Release|x64
		{C59A02B2-355B-4451-BDC8-A72CBADC224F}.Release|x64.Deploy.0 = Release|x64
		{C59A02B2-355B-4451-BDC8-A72CBADC224F}.Release|x86.ActiveCfg = Release|x64
		{C59A02B2-355B-4451-BDC8-A72CBADC224F}.Release|x86.Build.0 = Release|x64
		{C59A02B2-355B-4451-BDC8-A72CBADC224F}.Release|x86.Deploy.0 = Release|x64
		{63808A7E-E670-487C-A3CB-D92EEAE8A63C}.Debug|Win32.ActiveCfg = Debug|x64
		{63808A7E-E670-487C-A3CB-D92EEAE8A63C}.Debug|Win32.Build.0 = Debug|x64
		{63808A7E-E670-487C-A3CB-D92EEAE8A63C}.Debug|Win32.Deploy.0 = Debug|x64
		{63808A7E-E670-487C-A3CB-D92EEAE8A63C}.Debug|x64.ActiveCfg = Debug|x64
		{63808A7E-E670-487C-A3CB-D92EEAE8A63C}.Debug|x64.Build.0 = Debug|x64
		{63808A7E-E670-487C-A3CB-D92EEAE8A63C}.Debug|x64.Deploy.0 = Debug|x64
		{63808A7E-E670-487C-A3CB-D92EEAE8A63C}.Debug|x86.ActiveCfg = Debug|x64
		{63808A7E-E670-487C-A3CB-D92EEAE8A63C}.Debug|x86.Build.0 = Debug|x64
		{63808A7E-E670-487C-A3CB-D92EEAE8A63C}.Debug|x86.Deploy.0 = Debug|x64
		{63808A7E-E670-487C-A3CB-D92EEAE8A63C}.Release|Win32.ActiveCfg = Release|x64
		{63808A7E-E670-487C-A3CB-D92EEAE8A63C}.Release|Win32.Build.0 = Release|x64
		{63808A7E-E670-487C-A3CB-D92EEAE8A63C}.Release|Win32.Deploy.0 = Release|x64
		{63808A7E-E670-487C-A3CB-D92EEAE8A63C}.Release|x64.ActiveCfg = Release|x64
		{63808A7E-E670-487C-A3CB-D92EEAE8A63C}.Release|x64.Build.0 = Release|x64
		{63808A7E-E670-487C-A3CB-D92EEAE8A63C}.Release|x64.Deploy.0 = Release|x64
		{63808A7E-E670-487C-A3CB-D92EEAE8A63C}.Release|x86.ActiveCfg = Release|x64
		{63808A7E-E670-487C-A3CB-D92EEAE8A63C}.Release|x86.Build.0 = Release|x64
		{63808A7E-E670-487C-A3CB-D92EEAE8A63C}.Release|x86.Deploy.0 = Release|x64
		{C505CF31-0600-42A6-88A1-F51017FF2735}.Debug|Win32.ActiveCfg = Debug|x64
		{C505CF31-0600-42A6-88A1-F51017FF2735}.Debug|Win32.Build.0 = Debug|x64
		{C505CF31-0600-42A6-88A1-F51017FF2735}.Debug|Win32.Deploy.0 = Debug|x64
		{C505CF31-0600-42A6-88A1-F51017FF2735}.Debug|x64.ActiveCfg = Debug|x64
		{C505CF31-0600-42A6-88A1-F51017FF2735}.Debug|x64.Build.0 = Debug|x64
		{C505CF31-0600-42A6-88A1-F51017FF2735}.Debug|x64.Deploy.0 = Debug|x64
		{C505CF31-0600-42A6-88A1-F51017FF2735}.Debug|x86.ActiveCfg = Debug|x64
		{C505CF31-0600-42A6-88A1-F51017FF2735}.Debug|x86.Build.0 = Debug|x64
		{C505CF31-0600-42A6-88A1-F51017FF2735}.Debug|x86.Deploy.0 = Debug|x64
		{C505CF31-0600-42A6-88A1-F51017FF2735}.Release|Win32.ActiveCfg = Release|x64
		{C505CF31-0600-42A6-88A1-F51017FF2735}.Release|Win32.Build.0 = Release|x64
		{C505CF31-0600-42A6-88A1-F51017FF2735}.Release|Win32.Deploy.0 = Release|x64
		{C505CF31-0600-42A6-88A1-F51017FF2735}.Release|x64.ActiveCfg = Release|x64
		{C505CF31-0600-42A6-88A1-F51017FF2735}.Release|x64.Build.0 = Release|x64
		{C505CF31-0600-42A6-88A1-F51017FF2735}.Release|x64.Deploy.0 = Release|x64
		{C505CF31-0600-42A6-88A1-F51017FF2735}.Release|x86.ActiveCfg = Release|x64
		{C505CF31-0600-42A6-88A1-F51017FF2735}.Release|x86.Build.0 = Release|x64
		{C505CF31-0600-42A6-88A1-F51017FF2735}.Release|x86.Deploy.0 = Release|x64
		{C7B8B782-B7F3-40C1-B163-19D18943BCA4}.Debug|Win32.ActiveCfg = Debug|x64
		{C7B8B782-B7F3-40C1-B163-19D18943BCA4}.Debug|Win32.Build.0 = Debug|x64
		{C7B8B782-B7F3-40C1-B163-19D18943BCA4}.Debug|Win32.Deploy.0 = Debug|x64
		{C7B8B782-B7F3-40C1-B163-19D18943BCA4}.Debug|x64.ActiveCfg = Debug|x64
		{C7B8B782-B7F3-40C1-B163-19D18943BCA4}.Debug|x64.Build.0 = Debug|x64
		{C7B8B782-B7F3-40C1-B163-19D18943BCA4}.Debug|x64.Deploy.0 = Debug|x64
		{C7B8B782-B7F3-40C1-B163-19D18943BCA4}.Debug|x86.ActiveCfg = Debug|x64
		{C7B8B782-B7F3-40C1-B163-19D18943BCA4}.Debug|x86.Build.0 = Debug|x64
		{C7B8B782-B7F3-40C1-B163-19D18943BCA4}.Debug|x86.Deploy.0 = Debug|x64
		{C7B8B782-B7F3-40C1-B163-19D18943BCA4}.Release|Win32.ActiveCfg = Release|x64
		{C7B8B782-B7F3-40C1-B163-19D18943BCA4}.Release|Win32.Build.0 = Release|x64
		{C7B8B782-B7F3-40C1-B163-19D18943BCA4}.Release|Win32.Deploy.0 = Release|x64
		{C7B8B782-B7F3-40C1-B163-19D18943BCA4}.Release|x64.ActiveCfg = Release|x64
		{C7B8B782-B7F3-40C1-B163-19D18943BCA4}.Release|x64.Build.0 = Release|x64
		{C7B8B782-B7F3-40C1-B163-19D18943BCA4}.Release|x64.Deploy.0 = Release|x64
		{C7B8B782-B7F3-40C1-B163-19D18943BCA4}.Release|x86.ActiveCfg = Release|x64
		{C7B8B782-B7F3-40C1-B163-19D18943BCA4}.Release|x86.Build.0 = Release|x64
		{C7B8B782-B7F3-40C1-B163-19D18943BCA4}.Release|x86.Deploy.0 = Release|x64
		{5776941C-EEFF-45BF-8627-2929BA2A653C}.Debug|Win32.ActiveCfg = Debug|x64
		{5776941C-EEFF-45BF-8627-2929BA2A653C}.Debug|Win32.Build.0 = Debug|x64
		{5776941C-EEFF-45BF-8627-2929BA2A653C}.Debug|Win32.Deploy.0 = Debug|x64
		{5776941C-EEFF-45BF-8627-2929BA2A653C}.Debug|x64.ActiveCfg = Debug|x64
		{5776941C-EEFF-45BF-8627-2929BA2A653C}.Debug|x64.Build.0 = Debug|x64
		{5776941C-EEFF-45BF-8627-2929BA2A653C}.Debug|x64.Deploy.0 = Debug|x64
		{5776941C-EEFF-45BF-8627-2929BA2A653C}.Debug|x86.ActiveCfg = Debug|x64
		{5776941C-EEFF-45BF-8627-2929BA2A653C}.Debug|x86.Build.0 = Debug|x64
		{5776941C-EEFF-45BF-8627-2929BA2A653C}.Debug|x86.Deploy.0 = Debug|x64
		{5776941C-EEFF-45BF-8627-2929BA2A653C}.Release|Win32.ActiveCfg = Release|x64
		{5776941C-EEFF-45BF-8627-2929BA2A653C}.Release|Win32.Build.0 = Release|x64
		{5776941C-EEFF-45BF-8627-2929BA2A653C}.Release|Win32.Deploy.0 = Release|x64
		{5776941C-EEFF-45BF-8627-2929BA2A653C}.Release|x64.ActiveCfg = Release|x64
		{5776941C-EEFF-45BF-8627-2929BA2A653C}.Release|x64.Build.0 = Release|x64
		{5776941C-EEFF-45BF-8627-2929BA2A653C}.Release|x64.Deploy.0 = Release|x64
		{5776941C-EEFF-45BF-8627-2929BA2A653C}.Release|x86.ActiveCfg = Release|x64
		{5776941C-EEFF-45BF-8627-2929BA2A653C}.Release|x86.Build.0 = Release|x64
		{5776941C-EEFF-45BF-8627-2929BA2A653C}.Release|x86.Deploy.0 = Release|x64
	EndGlobalSection
	GlobalSection(SolutionProperties) = preSolution
		HideSolutionNode = FALSE
	EndGlobalSection
	GlobalSection(NestedProjects) = preSolution
		{8BD43339-5F3E-4D19-836E-19BF62732F63} = {1099F74B-E8F0-4EAA-BDE1-85707629473B}
		{DD12FAFD-DD80-419D-9E96-F0F6DF7FD835} = {1099F74B-E8F0-4EAA-BDE1-85707629473B}
		{9A19FC41-FFA8-4AFB-A8BB-82DBF38F1150} = {1099F74B-E8F0-4EAA-BDE1-85707629473B}
		{0A1316AE-0CF9-4095-9233-76DB3CB6D589} = {1099F74B-E8F0-4EAA-BDE1-85707629473B}
		{C59A02B2-355B-4451-BDC8-A72CBADC224F} = {1099F74B-E8F0-4EAA-BDE1-85707629473B}
		{63808A7E-E670-487C-A3CB-D92EEAE8A63C} = {1099F74B-E8F0-4EAA-BDE1-85707629473B}
		{C505CF31-0600-42A6-88A1-F51017FF2735} = {1099F74B-E8F0-4EAA-BDE1-85707629473B}
		{C7B8B782-B7F3-40C1-B163-19D18943BCA4} = {1099F74B-E8F0-4EAA-BDE1-85707629473B}
		{5776941C-EEFF-45BF-8627-2929BA2A653C} = {2C20297B-6153-45B7-8B84-136F9E4F89B7}
	EndGlobalSection
EndGlobal
